
Microsoft Visual Studio Solution File, Format Version 12.00
# Visual Studio 15
VisualStudioVersion = 15.0.28010.2050
MinimumVisualStudioVersion = 10.0.40219.1
Project("{FAE04EC0-301F-11D3-BF4B-00C04F79EFBC}") = "UnityDIDemo", "UnityDIDemo\UnityDIDemo.csproj", "{C0942682-9286-40A0-B59C-68FD4AD74311}"
EndProject
Project("{FAE04EC0-301F-11D3-BF4B-00C04F79EFBC}") = "ModuleA", "ModuleA\ModuleA.csproj", "{7B73E2AA-4ACC-4DFE-967D-D8A08869582C}"
EndProject
Global
	GlobalSection(SolutionConfigurationPlatforms) = preSolution
		Debug|Any CPU = Debug|Any CPU
		Release|Any CPU = Release|Any CPU
	EndGlobalSection
	GlobalSection(ProjectConfigurationPlatforms) = postSolution
		{C0942682-9286-40A0-B59C-68FD4AD74311}.Debug|Any CPU.ActiveCfg = Debug|Any CPU
		{C0942682-9286-40A0-B59C-68FD4AD74311}.Debug|Any CPU.Build.0 = Debug|Any CPU
		{C0942682-9286-40A0-B59C-68FD4AD74311}.Release|Any CPU.ActiveCfg = Release|Any CPU
		{C0942682-9286-40A0-B59C-68FD4AD74311}.Release|Any CPU.Build.0 = Release|Any CPU
		{7B73E2AA-4ACC-4DFE-967D-D8A08869582C}.Debug|Any CPU.ActiveCfg = Debug|Any CPU
		{7B73E2AA-4ACC-4DFE-967D-D8A08869582C}.Debug|Any CPU.Build.0 = Debug|Any CPU
		{7B73E2AA-4ACC-4DFE-967D-D8A08869582C}.Release|Any CPU.ActiveCfg = Release|Any CPU
		{7B73E2AA-4ACC-4DFE-967D-D8A08869582C}.Release|Any CPU.Build.0 = Release|Any CPU
	EndGlobalSection
	GlobalSection(SolutionProperties) = preSolution
		HideSolutionNode = FALSE
	EndGlobalSection
	GlobalSection(ExtensibilityGlobals) = postSolution
		SolutionGuid = {5EE169FD-BDE6-45FA-8E1E-A6DBE4B70A44}
	EndGlobalSection
EndGlobal
